// !$*UTF8*$!
{
	archiveVersion = 1;
	classes = {
	};
	objectVersion = 50;
	objects = {

/* Begin PBXBuildFile section */
		EB410673247F4DA7008CD478 /* AppDelegate.swift in Sources */ = {isa = PBXBuildFile; fileRef = EB410672247F4DA7008CD478 /* AppDelegate.swift */; };
		EB410675247F4DA7008CD478 /* SceneDelegate.swift in Sources */ = {isa = PBXBuildFile; fileRef = EB410674247F4DA7008CD478 /* SceneDelegate.swift */; };
		EB410677247F4DA7008CD478 /* ViewController.swift in Sources */ = {isa = PBXBuildFile; fileRef = EB410676247F4DA7008CD478 /* ViewController.swift */; };
		EB41067C247F4DAE008CD478 /* Assets.xcassets in Resources */ = {isa = PBXBuildFile; fileRef = EB41067B247F4DAE008CD478 /* Assets.xcassets */; };
		EB41067F247F4DAE008CD478 /* LaunchScreen.storyboard in Resources */ = {isa = PBXBuildFile; fileRef = EB41067D247F4DAE008CD478 /* LaunchScreen.storyboard */; };
		EB410688247F50FE008CD478 /* CreateEntryViewController.swift in Sources */ = {isa = PBXBuildFile; fileRef = EB410687247F50FE008CD478 /* CreateEntryViewController.swift */; };
		EB41068A247F513D008CD478 /* EntriesTableViewController.swift in Sources */ = {isa = PBXBuildFile; fileRef = EB410689247F513D008CD478 /* EntriesTableViewController.swift */; };
		EB41068F247F51A4008CD478 /* EntryTableViewCell.swift in Sources */ = {isa = PBXBuildFile; fileRef = EB41068E247F51A4008CD478 /* EntryTableViewCell.swift */; };
		EB410692247F51CD008CD478 /* CoreDataStack.swift in Sources */ = {isa = PBXBuildFile; fileRef = EB410691247F51CD008CD478 /* CoreDataStack.swift */; };
		EB410694247F51ED008CD478 /* Entry+Convenience.swift in Sources */ = {isa = PBXBuildFile; fileRef = EB410693247F51ED008CD478 /* Entry+Convenience.swift */; };
		EB410697247F96F7008CD478 /* Journal.xcdatamodeld in Sources */ = {isa = PBXBuildFile; fileRef = EB410695247F96F7008CD478 /* Journal.xcdatamodeld */; };
/* End PBXBuildFile section */

/* Begin PBXFileReference section */
		EB41066F247F4DA7008CD478 /* Journal.app */ = {isa = PBXFileReference; explicitFileType = wrapper.application; includeInIndex = 0; path = Journal.app; sourceTree = BUILT_PRODUCTS_DIR; };
		EB410672247F4DA7008CD478 /* AppDelegate.swift */ = {isa = PBXFileReference; lastKnownFileType = sourcecode.swift; path = AppDelegate.swift; sourceTree = "<group>"; };
		EB410674247F4DA7008CD478 /* SceneDelegate.swift */ = {isa = PBXFileReference; lastKnownFileType = sourcecode.swift; path = SceneDelegate.swift; sourceTree = "<group>"; };
		EB410676247F4DA7008CD478 /* ViewController.swift */ = {isa = PBXFileReference; lastKnownFileType = sourcecode.swift; path = ViewController.swift; sourceTree = "<group>"; };
		EB41067B247F4DAE008CD478 /* Assets.xcassets */ = {isa = PBXFileReference; lastKnownFileType = folder.assetcatalog; path = Assets.xcassets; sourceTree = "<group>"; };
		EB41067E247F4DAE008CD478 /* Base */ = {isa = PBXFileReference; lastKnownFileType = file.storyboard; name = Base; path = Base.lproj/LaunchScreen.storyboard; sourceTree = "<group>"; };
		EB410680247F4DAE008CD478 /* Info.plist */ = {isa = PBXFileReference; lastKnownFileType = text.plist.xml; path = Info.plist; sourceTree = "<group>"; };
		EB410687247F50FE008CD478 /* CreateEntryViewController.swift */ = {isa = PBXFileReference; lastKnownFileType = sourcecode.swift; path = CreateEntryViewController.swift; sourceTree = "<group>"; };
		EB410689247F513D008CD478 /* EntriesTableViewController.swift */ = {isa = PBXFileReference; lastKnownFileType = sourcecode.swift; path = EntriesTableViewController.swift; sourceTree = "<group>"; };
		EB41068E247F51A4008CD478 /* EntryTableViewCell.swift */ = {isa = PBXFileReference; lastKnownFileType = sourcecode.swift; path = EntryTableViewCell.swift; sourceTree = "<group>"; };
		EB410691247F51CD008CD478 /* CoreDataStack.swift */ = {isa = PBXFileReference; lastKnownFileType = sourcecode.swift; path = CoreDataStack.swift; sourceTree = "<group>"; };
		EB410693247F51ED008CD478 /* Entry+Convenience.swift */ = {isa = PBXFileReference; lastKnownFileType = sourcecode.swift; path = "Entry+Convenience.swift"; sourceTree = "<group>"; };
		EB410696247F96F7008CD478 /* Journal.xcdatamodel */ = {isa = PBXFileReference; lastKnownFileType = wrapper.xcdatamodel; path = Journal.xcdatamodel; sourceTree = "<group>"; };
/* End PBXFileReference section */

/* Begin PBXFrameworksBuildPhase section */
		EB41066C247F4DA7008CD478 /* Frameworks */ = {
			isa = PBXFrameworksBuildPhase;
			buildActionMask = 2147483647;
			files = (
			);
			runOnlyForDeploymentPostprocessing = 0;
		};
/* End PBXFrameworksBuildPhase section */

/* Begin PBXGroup section */
		EB410666247F4DA7008CD478 = {
			isa = PBXGroup;
			children = (
				EB410671247F4DA7008CD478 /* Journal */,
				EB410670247F4DA7008CD478 /* Products */,
			);
			sourceTree = "<group>";
		};
		EB410670247F4DA7008CD478 /* Products */ = {
			isa = PBXGroup;
			children = (
				EB41066F247F4DA7008CD478 /* Journal.app */,
			);
			name = Products;
			sourceTree = "<group>";
		};
		EB410671247F4DA7008CD478 /* Journal */ = {
			isa = PBXGroup;
			children = (
				EB410690247F51AC008CD478 /* Models */,
				EB41068D247F517D008CD478 /* View */,
				EB410686247F50C3008CD478 /* View Controller */,
				EB410672247F4DA7008CD478 /* AppDelegate.swift */,
				EB410674247F4DA7008CD478 /* SceneDelegate.swift */,
				EB410676247F4DA7008CD478 /* ViewController.swift */,
				EB41067B247F4DAE008CD478 /* Assets.xcassets */,
				EB41067D247F4DAE008CD478 /* LaunchScreen.storyboard */,
				EB410680247F4DAE008CD478 /* Info.plist */,
			);
			path = Journal;
			sourceTree = "<group>";
		};
		EB410686247F50C3008CD478 /* View Controller */ = {
			isa = PBXGroup;
			children = (
				EB410687247F50FE008CD478 /* CreateEntryViewController.swift */,
				EB410689247F513D008CD478 /* EntriesTableViewController.swift */,
			);
			path = "View Controller";
			sourceTree = "<group>";
		};
		EB41068D247F517D008CD478 /* View */ = {
			isa = PBXGroup;
			children = (
				EB41068E247F51A4008CD478 /* EntryTableViewCell.swift */,
			);
			path = View;
			sourceTree = "<group>";
		};
		EB410690247F51AC008CD478 /* Models */ = {
			isa = PBXGroup;
			children = (
				EB410691247F51CD008CD478 /* CoreDataStack.swift */,
				EB410693247F51ED008CD478 /* Entry+Convenience.swift */,
				EB410695247F96F7008CD478 /* Journal.xcdatamodeld */,
			);
			path = Models;
			sourceTree = "<group>";
		};
/* End PBXGroup section */

/* Begin PBXNativeTarget section */
		EB41066E247F4DA7008CD478 /* Journal */ = {
			isa = PBXNativeTarget;
			buildConfigurationList = EB410683247F4DAE008CD478 /* Build configuration list for PBXNativeTarget "Journal" */;
			buildPhases = (
				EB41066B247F4DA7008CD478 /* Sources */,
				EB41066C247F4DA7008CD478 /* Frameworks */,
				EB41066D247F4DA7008CD478 /* Resources */,
			);
			buildRules = (
			);
			dependencies = (
			);
			name = Journal;
			productName = Journal;
			productReference = EB41066F247F4DA7008CD478 /* Journal.app */;
			productType = "com.apple.product-type.application";
		};
/* End PBXNativeTarget section */

/* Begin PBXProject section */
		EB410667247F4DA7008CD478 /* Project object */ = {
			isa = PBXProject;
			attributes = {
				LastSwiftUpdateCheck = 1140;
				LastUpgradeCheck = 1140;
				ORGANIZATIONNAME = "Iyin Raphael";
				TargetAttributes = {
					EB41066E247F4DA7008CD478 = {
						CreatedOnToolsVersion = 11.4;
					};
				};
			};
			buildConfigurationList = EB41066A247F4DA7008CD478 /* Build configuration list for PBXProject "Journal" */;
			compatibilityVersion = "Xcode 9.3";
			developmentRegion = en;
			hasScannedForEncodings = 0;
			knownRegions = (
				en,
				Base,
			);
			mainGroup = EB410666247F4DA7008CD478;
			productRefGroup = EB410670247F4DA7008CD478 /* Products */;
			projectDirPath = "";
			projectRoot = "";
			targets = (
				EB41066E247F4DA7008CD478 /* Journal */,
			);
		};
/* End PBXProject section */

/* Begin PBXResourcesBuildPhase section */
		EB41066D247F4DA7008CD478 /* Resources */ = {
			isa = PBXResourcesBuildPhase;
			buildActionMask = 2147483647;
			files = (
				EB41067F247F4DAE008CD478 /* LaunchScreen.storyboard in Resources */,
				EB41067C247F4DAE008CD478 /* Assets.xcassets in Resources */,
			);
			runOnlyForDeploymentPostprocessing = 0;
		};
/* End PBXResourcesBuildPhase section */

/* Begin PBXSourcesBuildPhase section */
		EB41066B247F4DA7008CD478 /* Sources */ = {
			isa = PBXSourcesBuildPhase;
			buildActionMask = 2147483647;
			files = (
				EB410692247F51CD008CD478 /* CoreDataStack.swift in Sources */,
				EB41068F247F51A4008CD478 /* EntryTableViewCell.swift in Sources */,
				EB410677247F4DA7008CD478 /* ViewController.swift in Sources */,
				EB410673247F4DA7008CD478 /* AppDelegate.swift in Sources */,
				EB410694247F51ED008CD478 /* Entry+Convenience.swift in Sources */,
				EB410675247F4DA7008CD478 /* SceneDelegate.swift in Sources */,
				EB410697247F96F7008CD478 /* Journal.xcdatamodeld in Sources */,
				EB410688247F50FE008CD478 /* CreateEntryViewController.swift in Sources */,
				EB41068A247F513D008CD478 /* EntriesTableViewController.swift in Sources */,
			);
			runOnlyForDeploymentPostprocessing = 0;
		};
/* End PBXSourcesBuildPhase section */

/* Begin PBXVariantGroup section */
		EB41067D247F4DAE008CD478 /* LaunchScreen.storyboard */ = {
			isa = PBXVariantGroup;
			children = (
				EB41067E247F4DAE008CD478 /* Base */,
			);
			name = LaunchScreen.storyboard;
			sourceTree = "<group>";
		};
/* End PBXVariantGroup section */

/* Begin XCBuildConfiguration section */
		EB410681247F4DAE008CD478 /* Debug */ = {
			isa = XCBuildConfiguration;
			buildSettings = {
				ALWAYS_SEARCH_USER_PATHS = NO;
				CLANG_ANALYZER_NONNULL = YES;
				CLANG_ANALYZER_NUMBER_OBJECT_CONVERSION = YES_AGGRESSIVE;
				CLANG_CXX_LANGUAGE_STANDARD = "gnu++14";
				CLANG_CXX_LIBRARY = "libc++";
				CLANG_ENABLE_MODULES = YES;
				CLANG_ENABLE_OBJC_ARC = YES;
				CLANG_ENABLE_OBJC_WEAK = YES;
				CLANG_WARN_BLOCK_CAPTURE_AUTORELEASING = YES;
				CLANG_WARN_BOOL_CONVERSION = YES;
				CLANG_WARN_COMMA = YES;
				CLANG_WARN_CONSTANT_CONVERSION = YES;
				CLANG_WARN_DEPRECATED_OBJC_IMPLEMENTATIONS = YES;
				CLANG_WARN_DIRECT_OBJC_ISA_USAGE = YES_ERROR;
				CLANG_WARN_DOCUMENTATION_COMMENTS = YES;
				CLANG_WARN_EMPTY_BODY = YES;
				CLANG_WARN_ENUM_CONVERSION = YES;
				CLANG_WARN_INFINITE_RECURSION = YES;
				CLANG_WARN_INT_CONVERSION = YES;
				CLANG_WARN_NON_LITERAL_NULL_CONVERSION = YES;
				CLANG_WARN_OBJC_IMPLICIT_RETAIN_SELF = YES;
				CLANG_WARN_OBJC_LITERAL_CONVERSION = YES;
				CLANG_WARN_OBJC_ROOT_CLASS = YES_ERROR;
				CLANG_WARN_RANGE_LOOP_ANALYSIS = YES;
				CLANG_WARN_STRICT_PROTOTYPES = YES;
				CLANG_WARN_SUSPICIOUS_MOVE = YES;
				CLANG_WARN_UNGUARDED_AVAILABILITY = YES_AGGRESSIVE;
				CLANG_WARN_UNREACHABLE_CODE = YES;
				CLANG_WARN__DUPLICATE_METHOD_MATCH = YES;
				COPY_PHASE_STRIP = NO;
				DEBUG_INFORMATION_FORMAT = dwarf;
				ENABLE_STRICT_OBJC_MSGSEND = YES;
				ENABLE_TESTABILITY = YES;
				GCC_C_LANGUAGE_STANDARD = gnu11;
				GCC_DYNAMIC_NO_PIC = NO;
				GCC_NO_COMMON_BLOCKS = YES;
				GCC_OPTIMIZATION_LEVEL = 0;
				GCC_PREPROCESSOR_DEFINITIONS = (
					"DEBUG=1",
					"$(inherited)",
				);
				GCC_WARN_64_TO_32_BIT_CONVERSION = YES;
				GCC_WARN_ABOUT_RETURN_TYPE = YES_ERROR;
				GCC_WARN_UNDECLARED_SELECTOR = YES;
				GCC_WARN_UNINITIALIZED_AUTOS = YES_AGGRESSIVE;
				GCC_WARN_UNUSED_FUNCTION = YES;
				GCC_WARN_UNUSED_VARIABLE = YES;
				IPHONEOS_DEPLOYMENT_TARGET = 13.4;
				MTL_ENABLE_DEBUG_INFO = INCLUDE_SOURCE;
				MTL_FAST_MATH = YES;
				ONLY_ACTIVE_ARCH = YES;
				SDKROOT = iphoneos;
				SWIFT_ACTIVE_COMPILATION_CONDITIONS = DEBUG;
				SWIFT_OPTIMIZATION_LEVEL = "-Onone";
			};
			name = Debug;
		};
		EB410682247F4DAE008CD478 /* Release */ = {
			isa = XCBuildConfiguration;
			buildSettings = {
				ALWAYS_SEARCH_USER_PATHS = NO;
				CLANG_ANALYZER_NONNULL = YES;
				CLANG_ANALYZER_NUMBER_OBJECT_CONVERSION = YES_AGGRESSIVE;
				CLANG_CXX_LANGUAGE_STANDARD = "gnu++14";
				CLANG_CXX_LIBRARY = "libc++";
				CLANG_ENABLE_MODULES = YES;
				CLANG_ENABLE_OBJC_ARC = YES;
				CLANG_ENABLE_OBJC_WEAK = YES;
				CLANG_WARN_BLOCK_CAPTURE_AUTORELEASING = YES;
				CLANG_WARN_BOOL_CONVERSION = YES;
				CLANG_WARN_COMMA = YES;
				CLANG_WARN_CONSTANT_CONVERSION = YES;
				CLANG_WARN_DEPRECATED_OBJC_IMPLEMENTATIONS = YES;
				CLANG_WARN_DIRECT_OBJC_ISA_USAGE = YES_ERROR;
				CLANG_WARN_DOCUMENTATION_COMMENTS = YES;
				CLANG_WARN_EMPTY_BODY = YES;
				CLANG_WARN_ENUM_CONVERSION = YES;
				CLANG_WARN_INFINITE_RECURSION = YES;
				CLANG_WARN_INT_CONVERSION = YES;
				CLANG_WARN_NON_LITERAL_NULL_CONVERSION = YES;
				CLANG_WARN_OBJC_IMPLICIT_RETAIN_SELF = YES;
				CLANG_WARN_OBJC_LITERAL_CONVERSION = YES;
				CLANG_WARN_OBJC_ROOT_CLASS = YES_ERROR;
				CLANG_WARN_RANGE_LOOP_ANALYSIS = YES;
				CLANG_WARN_STRICT_PROTOTYPES = YES;
				CLANG_WARN_SUSPICIOUS_MOVE = YES;
				CLANG_WARN_UNGUARDED_AVAILABILITY = YES_AGGRESSIVE;
				CLANG_WARN_UNREACHABLE_CODE = YES;
				CLANG_WARN__DUPLICATE_METHOD_MATCH = YES;
				COPY_PHASE_STRIP = NO;
				DEBUG_INFORMATION_FORMAT = "dwarf-with-dsym";
				ENABLE_NS_ASSERTIONS = NO;
				ENABLE_STRICT_OBJC_MSGSEND = YES;
				GCC_C_LANGUAGE_STANDARD = gnu11;
				GCC_NO_COMMON_BLOCKS = YES;
				GCC_WARN_64_TO_32_BIT_CONVERSION = YES;
				GCC_WARN_ABOUT_RETURN_TYPE = YES_ERROR;
				GCC_WARN_UNDECLARED_SELECTOR = YES;
				GCC_WARN_UNINITIALIZED_AUTOS = YES_AGGRESSIVE;
				GCC_WARN_UNUSED_FUNCTION = YES;
				GCC_WARN_UNUSED_VARIABLE = YES;
				IPHONEOS_DEPLOYMENT_TARGET = 13.4;
				MTL_ENABLE_DEBUG_INFO = NO;
				MTL_FAST_MATH = YES;
				SDKROOT = iphoneos;
				SWIFT_COMPILATION_MODE = wholemodule;
				SWIFT_OPTIMIZATION_LEVEL = "-O";
				VALIDATE_PRODUCT = YES;
			};
			name = Release;
		};
		EB410684247F4DAE008CD478 /* Debug */ = {
			isa = XCBuildConfiguration;
			buildSettings = {
				ASSETCATALOG_COMPILER_APPICON_NAME = AppIcon;
				CODE_SIGN_STYLE = Automatic;
				INFOPLIST_FILE = Journal/Info.plist;
				LD_RUNPATH_SEARCH_PATHS = (
					"$(inherited)",
					"@executable_path/Frameworks",
				);
				PRODUCT_BUNDLE_IDENTIFIER = com.iyinraphael.Journal;
				PRODUCT_NAME = "$(TARGET_NAME)";
				SWIFT_VERSION = 5.0;
				TARGETED_DEVICE_FAMILY = "1,2";
			};
			name = Debug;
		};
		EB410685247F4DAE008CD478 /* Release */ = {
			isa = XCBuildConfiguration;
			buildSettings = {
				ASSETCATALOG_COMPILER_APPICON_NAME = AppIcon;
				CODE_SIGN_STYLE = Automatic;
				INFOPLIST_FILE = Journal/Info.plist;
				LD_RUNPATH_SEARCH_PATHS = (
					"$(inherited)",
					"@executable_path/Frameworks",
				);
				PRODUCT_BUNDLE_IDENTIFIER = com.iyinraphael.Journal;
				PRODUCT_NAME = "$(TARGET_NAME)";
				SWIFT_VERSION = 5.0;
				TARGETED_DEVICE_FAMILY = "1,2";
			};
			name = Release;
		};
/* End XCBuildConfiguration section */

/* Begin XCConfigurationList section */
		EB41066A247F4DA7008CD478 /* Build configuration list for PBXProject "Journal" */ = {
			isa = XCConfigurationList;
			buildConfigurations = (
				EB410681247F4DAE008CD478 /* Debug */,
				EB410682247F4DAE008CD478 /* Release */,
			);
			defaultConfigurationIsVisible = 0;
			defaultConfigurationName = Release;
		};
		EB410683247F4DAE008CD478 /* Build configuration list for PBXNativeTarget "Journal" */ = {
			isa = XCConfigurationList;
			buildConfigurations = (
				EB410684247F4DAE008CD478 /* Debug */,
				EB410685247F4DAE008CD478 /* Release */,
			);
			defaultConfigurationIsVisible = 0;
			defaultConfigurationName = Release;
		};
/* End XCConfigurationList section */

/* Begin XCVersionGroup section */
		EB410695247F96F7008CD478 /* Journal.xcdatamodeld */ = {
			isa = XCVersionGroup;
			children = (
				EB410696247F96F7008CD478 /* Journal.xcdatamodel */,
			);
			currentVersion = EB410696247F96F7008CD478 /* Journal.xcdatamodel */;
			path = Journal.xcdatamodeld;
			sourceTree = "<group>";
			versionGroupType = wrapper.xcdatamodel;
		};
/* End XCVersionGroup section */
	};
	rootObject = EB410667247F4DA7008CD478 /* Project object */;
}
